
Microsoft Visual Studio Solution File, Format Version 12.00
# Visual Studio 15
VisualStudioVersion = 15.0.27004.2010
MinimumVisualStudioVersion = 10.0.40219.1
Project("{9A19103F-16F7-4668-BE54-9A1E7A4F7556}") = "WebApi", "WebApi\WebApi.csproj", "{094839E6-294F-4AD1-BA6A-386FC8B2244A}"
EndProject
Project("{FAE04EC0-301F-11D3-BF4B-00C04F79EFBC}") = "WebUI", "WebUI\WebUI.csproj", "{8DDDE8B6-BAA4-4474-A5D7-B8971CB6A9E1}"
EndProject
Global
	GlobalSection(SolutionConfigurationPlatforms) = preSolution
		Debug|Any CPU = Debug|Any CPU
		Release|Any CPU = Release|Any CPU
	EndGlobalSection
	GlobalSection(ProjectConfigurationPlatforms) = postSolution
		{094839E6-294F-4AD1-BA6A-386FC8B2244A}.Debug|Any CPU.ActiveCfg = Debug|Any CPU
		{094839E6-294F-4AD1-BA6A-386FC8B2244A}.Debug|Any CPU.Build.0 = Debug|Any CPU
		{094839E6-294F-4AD1-BA6A-386FC8B2244A}.Release|Any CPU.ActiveCfg = Release|Any CPU
		{094839E6-294F-4AD1-BA6A-386FC8B2244A}.Release|Any CPU.Build.0 = Release|Any CPU
		{8DDDE8B6-BAA4-4474-A5D7-B8971CB6A9E1}.Debug|Any CPU.ActiveCfg = Debug|Any CPU
		{8DDDE8B6-BAA4-4474-A5D7-B8971CB6A9E1}.Debug|Any CPU.Build.0 = Debug|Any CPU
		{8DDDE8B6-BAA4-4474-A5D7-B8971CB6A9E1}.Release|Any CPU.ActiveCfg = Release|Any CPU
		{8DDDE8B6-BAA4-4474-A5D7-B8971CB6A9E1}.Release|Any CPU.Build.0 = Release|Any CPU
	EndGlobalSection
	GlobalSection(SolutionProperties) = preSolution
		HideSolutionNode = FALSE
	EndGlobalSection
	GlobalSection(ExtensibilityGlobals) = postSolution
		SolutionGuid = {257276CF-C4F0-4BDC-8F0D-F036A2B9E3BE}
	EndGlobalSection
EndGlobal
